
Microsoft Visual Studio Solution File, Format Version 12.00
# Visual Studio Version 17
VisualStudioVersion = 17.10.35004.147
MinimumVisualStudioVersion = 10.0.40219.1
Project("{FAE04EC0-301F-11D3-BF4B-00C04F79EFBC}") = "CollectArticles", "CollectArticles.csproj", "{053C2E7C-0A4E-44CE-A611-424EB8577B09}"
EndProject
Project("{FAE04EC0-301F-11D3-BF4B-00C04F79EFBC}") = "CollectArticles.Tests", "..\CollectArticles.Tests\CollectArticles.Tests.csproj", "{6EB3569D-E2EC-4B44-AE79-0D8B272BFAB1}"
EndProject
Global
	GlobalSection(SolutionConfigurationPlatforms) = preSolution
		Debug|Any CPU = Debug|Any CPU
		Release|Any CPU = Release|Any CPU
	EndGlobalSection
	GlobalSection(ProjectConfigurationPlatforms) = postSolution
		{053C2E7C-0A4E-44CE-A611-424EB8577B09}.Debug|Any CPU.ActiveCfg = Debug|Any CPU
		{053C2E7C-0A4E-44CE-A611-424EB8577B09}.Debug|Any CPU.Build.0 = Debug|Any CPU
		{053C2E7C-0A4E-44CE-A611-424EB8577B09}.Release|Any CPU.ActiveCfg = Release|Any CPU
		{053C2E7C-0A4E-44CE-A611-424EB8577B09}.Release|Any CPU.Build.0 = Release|Any CPU
		{6EB3569D-E2EC-4B44-AE79-0D8B272BFAB1}.Debug|Any CPU.ActiveCfg = Debug|Any CPU
		{6EB3569D-E2EC-4B44-AE79-0D8B272BFAB1}.Debug|Any CPU.Build.0 = Debug|Any CPU
		{6EB3569D-E2EC-4B44-AE79-0D8B272BFAB1}.Release|Any CPU.ActiveCfg = Release|Any CPU
		{6EB3569D-E2EC-4B44-AE79-0D8B272BFAB1}.Release|Any CPU.Build.0 = Release|Any CPU
	EndGlobalSection
	GlobalSection(SolutionProperties) = preSolution
		HideSolutionNode = FALSE
	EndGlobalSection
	GlobalSection(ExtensibilityGlobals) = postSolution
		SolutionGuid = {6CFAA777-4FBE-464A-A80C-F4A23268FF70}
	EndGlobalSection
EndGlobal
